
Microsoft Visual Studio Solution File, Format Version 12.00
# Visual Studio Version 17
VisualStudioVersion = 17.10.35027.167
MinimumVisualStudioVersion = 10.0.40219.1
Project("{FAE04EC0-301F-11D3-BF4B-00C04F79EFBC}") = "Wargamedle.Net", "Wargamedle.Net.csproj", "{C612928F-6737-47AA-8AD1-A8DF6EEDB8BE}"
EndProject
Global
	GlobalSection(SolutionConfigurationPlatforms) = preSolution
		Debug|Any CPU = Debug|Any CPU
		Release|Any CPU = Release|Any CPU
	EndGlobalSection
	GlobalSection(ProjectConfigurationPlatforms) = postSolution
		{C612928F-6737-47AA-8AD1-A8DF6EEDB8BE}.Debug|Any CPU.ActiveCfg = Debug|Any CPU
		{C612928F-6737-47AA-8AD1-A8DF6EEDB8BE}.Debug|Any CPU.Build.0 = Debug|Any CPU
		{C612928F-6737-47AA-8AD1-A8DF6EEDB8BE}.Release|Any CPU.ActiveCfg = Release|Any CPU
		{C612928F-6737-47AA-8AD1-A8DF6EEDB8BE}.Release|Any CPU.Build.0 = Release|Any CPU
	EndGlobalSection
	GlobalSection(SolutionProperties) = preSolution
		HideSolutionNode = FALSE
	EndGlobalSection
	GlobalSection(ExtensibilityGlobals) = postSolution
		SolutionGuid = {806BE110-939F-4D4A-A514-48EEF7A88726}
	EndGlobalSection
EndGlobal
